
Microsoft Visual Studio Solution File, Format Version 12.00
# Visual Studio Version 16
VisualStudioVersion = 16.0.32510.428
MinimumVisualStudioVersion = 10.0.40219.1
Project("{FAE04EC0-301F-11D3-BF4B-00C04F79EFBC}") = "PrjNome", "PrjNome\PrjNome.csproj", "{6C3F6E0E-5A7E-409A-BF61-A5D8E37E4ABB}"
EndProject
Global
	GlobalSection(SolutionConfigurationPlatforms) = preSolution
		Debug|Any CPU = Debug|Any CPU
		Release|Any CPU = Release|Any CPU
	EndGlobalSection
	GlobalSection(ProjectConfigurationPlatforms) = postSolution
		{6C3F6E0E-5A7E-409A-BF61-A5D8E37E4ABB}.Debug|Any CPU.ActiveCfg = Debug|Any CPU
		{6C3F6E0E-5A7E-409A-BF61-A5D8E37E4ABB}.Debug|Any CPU.Build.0 = Debug|Any CPU
		{6C3F6E0E-5A7E-409A-BF61-A5D8E37E4ABB}.Release|Any CPU.ActiveCfg = Release|Any CPU
		{6C3F6E0E-5A7E-409A-BF61-A5D8E37E4ABB}.Release|Any CPU.Build.0 = Release|Any CPU
	EndGlobalSection
	GlobalSection(SolutionProperties) = preSolution
		HideSolutionNode = FALSE
	EndGlobalSection
	GlobalSection(ExtensibilityGlobals) = postSolution
		SolutionGuid = {87F6B625-245B-4A15-9F7F-4D4E472CEA99}
	EndGlobalSection
EndGlobal
